{
  "name": "@kontourai/veritas",
  "version": "0.3.0",
  "lockfileVersion": 3,
  "requires": true,
  "packages": {
    "": {
      "name": "@kontourai/veritas",
      "version": "0.3.0",
      "license": "Apache-2.0",
      "dependencies": {
        "@kontourai/surface": "file:../surface",
        "picomatch": "^4.0.4"
      },
      "bin": {
        "veritas": "bin/veritas.mjs",
        "veritas-report": "bin/veritas-report.mjs"
      },
      "engines": {
        "node": ">=20"
      }
    },
    "../surface": {
      "name": "@kontourai/surface",
      "version": "0.2.0",
      "license": "Apache-2.0",
      "bin": {
        "surface": "bin/surface.mjs"
      },
      "devDependencies": {
        "@types/node": "^25.6.0",
        "typescript": "^5.8.0"
      },
      "engines": {
        "node": ">=20"
      }
    },
    "node_modules/@kontourai/surface": {
      "resolved": "../surface",
      "link": true
    },
    "node_modules/picomatch": {
      "version": "4.0.4",
      "resolved": "https://registry.npmjs.org/picomatch/-/picomatch-4.0.4.tgz",
      "integrity": "sha512-QP88BAKvMam/3NxH6vj2o21R6MjxZUAd6nlwAS/pnGvN9IVLocLHxGYIzFhg6fUQ+5th6P4dv4eW9jX3DSIj7A==",
      "license": "MIT",
      "engines": {
        "node": ">=12"
      },
      "funding": {
        "url": "https://github.com/sponsors/jonschlinkert"
      }
    }
  }
}
