{
  "name": "@kontourai/veritas",
  "version": "0.3.0",
  "lockfileVersion": 3,
  "requires": true,
  "packages": {
    "": {
      "name": "@kontourai/veritas",
      "version": "0.3.0",
      "license": "Apache-2.0",
      "bin": {
        "veritas": "bin/veritas.mjs",
        "veritas-report": "bin/veritas-report.mjs"
      },
      "engines": {
        "node": ">=18.17"
      }
    }
  }
}
